// !$*UTF8*$!
{
	archiveVersion = 1;
	classes = {
	};
	objectVersion = 50;
	objects = {

/* Begin PBXBuildFile section */
		4512DC3E2461291E000B8DF7 /* AppDelegate.swift in Sources */ = {isa = PBXBuildFile; fileRef = 4512DC3D2461291E000B8DF7 /* AppDelegate.swift */; };
		4512DC402461291E000B8DF7 /* ViewController.swift in Sources */ = {isa = PBXBuildFile; fileRef = 4512DC3F2461291E000B8DF7 /* ViewController.swift */; };
		4512DC432461291E000B8DF7 /* Main.storyboard in Resources */ = {isa = PBXBuildFile; fileRef = 4512DC412461291E000B8DF7 /* Main.storyboard */; };
		4512DC4524612920000B8DF7 /* Assets.xcassets in Resources */ = {isa = PBXBuildFile; fileRef = 4512DC4424612920000B8DF7 /* Assets.xcassets */; };
		4512DC4824612920000B8DF7 /* LaunchScreen.storyboard in Resources */ = {isa = PBXBuildFile; fileRef = 4512DC4624612920000B8DF7 /* LaunchScreen.storyboard */; };
		4512DC50246133EC000B8DF7 /* Resources.swift in Sources */ = {isa = PBXBuildFile; fileRef = 4512DC4F246133EC000B8DF7 /* Resources.swift */; };
		45F2F1AD2477AE2900587EF2 /* CustomCell.swift in Sources */ = {isa = PBXBuildFile; fileRef = 45F2F1AB2477AE2900587EF2 /* CustomCell.swift */; };
		45F2F1AE2477AE2900587EF2 /* CustomCell.xib in Resources */ = {isa = PBXBuildFile; fileRef = 45F2F1AC2477AE2900587EF2 /* CustomCell.xib */; };
/* End PBXBuildFile section */

/* Begin PBXFileReference section */
		4512DC3A2461291E000B8DF7 /* Decoding & Encoding.app */ = {isa = PBXFileReference; explicitFileType = wrapper.application; includeInIndex = 0; path = "Decoding & Encoding.app"; sourceTree = BUILT_PRODUCTS_DIR; };
		4512DC3D2461291E000B8DF7 /* AppDelegate.swift */ = {isa = PBXFileReference; lastKnownFileType = sourcecode.swift; path = AppDelegate.swift; sourceTree = "<group>"; };
		4512DC3F2461291E000B8DF7 /* ViewController.swift */ = {isa = PBXFileReference; lastKnownFileType = sourcecode.swift; path = ViewController.swift; sourceTree = "<group>"; };
		4512DC422461291E000B8DF7 /* Base */ = {isa = PBXFileReference; lastKnownFileType = file.storyboard; name = Base; path = Base.lproj/Main.storyboard; sourceTree = "<group>"; };
		4512DC4424612920000B8DF7 /* Assets.xcassets */ = {isa = PBXFileReference; lastKnownFileType = folder.assetcatalog; path = Assets.xcassets; sourceTree = "<group>"; };
		4512DC4724612920000B8DF7 /* Base */ = {isa = PBXFileReference; lastKnownFileType = file.storyboard; name = Base; path = Base.lproj/LaunchScreen.storyboard; sourceTree = "<group>"; };
		4512DC4924612920000B8DF7 /* Info.plist */ = {isa = PBXFileReference; lastKnownFileType = text.plist.xml; path = Info.plist; sourceTree = "<group>"; };
		4512DC4F246133EC000B8DF7 /* Resources.swift */ = {isa = PBXFileReference; lastKnownFileType = sourcecode.swift; path = Resources.swift; sourceTree = "<group>"; };
		45F2F1AB2477AE2900587EF2 /* CustomCell.swift */ = {isa = PBXFileReference; lastKnownFileType = sourcecode.swift; path = CustomCell.swift; sourceTree = "<group>"; };
		45F2F1AC2477AE2900587EF2 /* CustomCell.xib */ = {isa = PBXFileReference; lastKnownFileType = file.xib; path = CustomCell.xib; sourceTree = "<group>"; };
/* End PBXFileReference section */

/* Begin PBXFrameworksBuildPhase section */
		4512DC372461291E000B8DF7 /* Frameworks */ = {
			isa = PBXFrameworksBuildPhase;
			buildActionMask = 2147483647;
			files = (
			);
			runOnlyForDeploymentPostprocessing = 0;
		};
/* End PBXFrameworksBuildPhase section */

/* Begin PBXGroup section */
		4512DC312461291E000B8DF7 = {
			isa = PBXGroup;
			children = (
				4512DC3C2461291E000B8DF7 /* Decoding & Encoding */,
				4512DC3B2461291E000B8DF7 /* Products */,
			);
			sourceTree = "<group>";
		};
		4512DC3B2461291E000B8DF7 /* Products */ = {
			isa = PBXGroup;
			children = (
				4512DC3A2461291E000B8DF7 /* Decoding & Encoding.app */,
			);
			name = Products;
			sourceTree = "<group>";
		};
		4512DC3C2461291E000B8DF7 /* Decoding & Encoding */ = {
			isa = PBXGroup;
			children = (
				4512DC3D2461291E000B8DF7 /* AppDelegate.swift */,
				4512DC3F2461291E000B8DF7 /* ViewController.swift */,
				4512DC4F246133EC000B8DF7 /* Resources.swift */,
				45F2F1AB2477AE2900587EF2 /* CustomCell.swift */,
				45F2F1AC2477AE2900587EF2 /* CustomCell.xib */,
				4512DC412461291E000B8DF7 /* Main.storyboard */,
				4512DC4424612920000B8DF7 /* Assets.xcassets */,
				4512DC4624612920000B8DF7 /* LaunchScreen.storyboard */,
				4512DC4924612920000B8DF7 /* Info.plist */,
			);
			path = "Decoding & Encoding";
			sourceTree = "<group>";
		};
/* End PBXGroup section */

/* Begin PBXNativeTarget section */
		4512DC392461291E000B8DF7 /* Decoding & Encoding */ = {
			isa = PBXNativeTarget;
			buildConfigurationList = 4512DC4C24612920000B8DF7 /* Build configuration list for PBXNativeTarget "Decoding & Encoding" */;
			buildPhases = (
				4512DC362461291E000B8DF7 /* Sources */,
				4512DC372461291E000B8DF7 /* Frameworks */,
				4512DC382461291E000B8DF7 /* Resources */,
			);
			buildRules = (
			);
			dependencies = (
			);
			name = "Decoding & Encoding";
			productName = "Decoding & Encoding";
			productReference = 4512DC3A2461291E000B8DF7 /* Decoding & Encoding.app */;
			productType = "com.apple.product-type.application";
		};
/* End PBXNativeTarget section */

/* Begin PBXProject section */
		4512DC322461291E000B8DF7 /* Project object */ = {
			isa = PBXProject;
			attributes = {
				LastSwiftUpdateCheck = 1030;
				LastUpgradeCheck = 1030;
				ORGANIZATIONNAME = vikas;
				TargetAttributes = {
					4512DC392461291E000B8DF7 = {
						CreatedOnToolsVersion = 10.3;
					};
				};
			};
			buildConfigurationList = 4512DC352461291E000B8DF7 /* Build configuration list for PBXProject "Decoding & Encoding" */;
			compatibilityVersion = "Xcode 9.3";
			developmentRegion = en;
			hasScannedForEncodings = 0;
			knownRegions = (
				en,
				Base,
			);
			mainGroup = 4512DC312461291E000B8DF7;
			productRefGroup = 4512DC3B2461291E000B8DF7 /* Products */;
			projectDirPath = "";
			projectRoot = "";
			targets = (
				4512DC392461291E000B8DF7 /* Decoding & Encoding */,
			);
		};
/* End PBXProject section */

/* Begin PBXResourcesBuildPhase section */
		4512DC382461291E000B8DF7 /* Resources */ = {
			isa = PBXResourcesBuildPhase;
			buildActionMask = 2147483647;
			files = (
				4512DC4824612920000B8DF7 /* LaunchScreen.storyboard in Resources */,
				4512DC4524612920000B8DF7 /* Assets.xcassets in Resources */,
				45F2F1AE2477AE2900587EF2 /* CustomCell.xib in Resources */,
				4512DC432461291E000B8DF7 /* Main.storyboard in Resources */,
			);
			runOnlyForDeploymentPostprocessing = 0;
		};
/* End PBXResourcesBuildPhase section */

/* Begin PBXSourcesBuildPhase section */
		4512DC362461291E000B8DF7 /* Sources */ = {
			isa = PBXSourcesBuildPhase;
			buildActionMask = 2147483647;
			files = (
				4512DC50246133EC000B8DF7 /* Resources.swift in Sources */,
				4512DC402461291E000B8DF7 /* ViewController.swift in Sources */,
				45F2F1AD2477AE2900587EF2 /* CustomCell.swift in Sources */,
				4512DC3E2461291E000B8DF7 /* AppDelegate.swift in Sources */,
			);
			runOnlyForDeploymentPostprocessing = 0;
		};
/* End PBXSourcesBuildPhase section */

/* Begin PBXVariantGroup section */
		4512DC412461291E000B8DF7 /* Main.storyboard */ = {
			isa = PBXVariantGroup;
			children = (
				4512DC422461291E000B8DF7 /* Base */,
			);
			name = Main.storyboard;
			sourceTree = "<group>";
		};
		4512DC4624612920000B8DF7 /* LaunchScreen.storyboard */ = {
			isa = PBXVariantGroup;
			children = (
				4512DC4724612920000B8DF7 /* Base */,
			);
			name = LaunchScreen.storyboard;
			sourceTree = "<group>";
		};
/* End PBXVariantGroup section */

/* Begin XCBuildConfiguration section */
		4512DC4A24612920000B8DF7 /* Debug */ = {
			isa = XCBuildConfiguration;
			buildSettings = {
				ALWAYS_SEARCH_USER_PATHS = NO;
				CLANG_ANALYZER_NONNULL = YES;
				CLANG_ANALYZER_NUMBER_OBJECT_CONVERSION = YES_AGGRESSIVE;
				CLANG_CXX_LANGUAGE_STANDARD = "gnu++14";
				CLANG_CXX_LIBRARY = "libc++";
				CLANG_ENABLE_MODULES = YES;
				CLANG_ENABLE_OBJC_ARC = YES;
				CLANG_ENABLE_OBJC_WEAK = YES;
				CLANG_WARN_BLOCK_CAPTURE_AUTORELEASING = YES;
				CLANG_WARN_BOOL_CONVERSION = YES;
				CLANG_WARN_COMMA = YES;
				CLANG_WARN_CONSTANT_CONVERSION = YES;
				CLANG_WARN_DEPRECATED_OBJC_IMPLEMENTATIONS = YES;
				CLANG_WARN_DIRECT_OBJC_ISA_USAGE = YES_ERROR;
				CLANG_WARN_DOCUMENTATION_COMMENTS = YES;
				CLANG_WARN_EMPTY_BODY = YES;
				CLANG_WARN_ENUM_CONVERSION = YES;
				CLANG_WARN_INFINITE_RECURSION = YES;
				CLANG_WARN_INT_CONVERSION = YES;
				CLANG_WARN_NON_LITERAL_NULL_CONVERSION = YES;
				CLANG_WARN_OBJC_IMPLICIT_RETAIN_SELF = YES;
				CLANG_WARN_OBJC_LITERAL_CONVERSION = YES;
				CLANG_WARN_OBJC_ROOT_CLASS = YES_ERROR;
				CLANG_WARN_RANGE_LOOP_ANALYSIS = YES;
				CLANG_WARN_STRICT_PROTOTYPES = YES;
				CLANG_WARN_SUSPICIOUS_MOVE = YES;
				CLANG_WARN_UNGUARDED_AVAILABILITY = YES_AGGRESSIVE;
				CLANG_WARN_UNREACHABLE_CODE = YES;
				CLANG_WARN__DUPLICATE_METHOD_MATCH = YES;
				CODE_SIGN_IDENTITY = "iPhone Developer";
				COPY_PHASE_STRIP = NO;
				DEBUG_INFORMATION_FORMAT = dwarf;
				ENABLE_STRICT_OBJC_MSGSEND = YES;
				ENABLE_TESTABILITY = YES;
				GCC_C_LANGUAGE_STANDARD = gnu11;
				GCC_DYNAMIC_NO_PIC = NO;
				GCC_NO_COMMON_BLOCKS = YES;
				GCC_OPTIMIZATION_LEVEL = 0;
				GCC_PREPROCESSOR_DEFINITIONS = (
					"DEBUG=1",
					"$(inherited)",
				);
				GCC_WARN_64_TO_32_BIT_CONVERSION = YES;
				GCC_WARN_ABOUT_RETURN_TYPE = YES_ERROR;
				GCC_WARN_UNDECLARED_SELECTOR = YES;
				GCC_WARN_UNINITIALIZED_AUTOS = YES_AGGRESSIVE;
				GCC_WARN_UNUSED_FUNCTION = YES;
				GCC_WARN_UNUSED_VARIABLE = YES;
				IPHONEOS_DEPLOYMENT_TARGET = 12.4;
				MTL_ENABLE_DEBUG_INFO = INCLUDE_SOURCE;
				MTL_FAST_MATH = YES;
				ONLY_ACTIVE_ARCH = YES;
				SDKROOT = iphoneos;
				SWIFT_ACTIVE_COMPILATION_CONDITIONS = DEBUG;
				SWIFT_OPTIMIZATION_LEVEL = "-Onone";
			};
			name = Debug;
		};
		4512DC4B24612920000B8DF7 /* Release */ = {
			isa = XCBuildConfiguration;
			buildSettings = {
				ALWAYS_SEARCH_USER_PATHS = NO;
				CLANG_ANALYZER_NONNULL = YES;
				CLANG_ANALYZER_NUMBER_OBJECT_CONVERSION = YES_AGGRESSIVE;
				CLANG_CXX_LANGUAGE_STANDARD = "gnu++14";
				CLANG_CXX_LIBRARY = "libc++";
				CLANG_ENABLE_MODULES = YES;
				CLANG_ENABLE_OBJC_ARC = YES;
				CLANG_ENABLE_OBJC_WEAK = YES;
				CLANG_WARN_BLOCK_CAPTURE_AUTORELEASING = YES;
				CLANG_WARN_BOOL_CONVERSION = YES;
				CLANG_WARN_COMMA = YES;
				CLANG_WARN_CONSTANT_CONVERSION = YES;
				CLANG_WARN_DEPRECATED_OBJC_IMPLEMENTATIONS = YES;
				CLANG_WARN_DIRECT_OBJC_ISA_USAGE = YES_ERROR;
				CLANG_WARN_DOCUMENTATION_COMMENTS = YES;
				CLANG_WARN_EMPTY_BODY = YES;
				CLANG_WARN_ENUM_CONVERSION = YES;
				CLANG_WARN_INFINITE_RECURSION = YES;
				CLANG_WARN_INT_CONVERSION = YES;
				CLANG_WARN_NON_LITERAL_NULL_CONVERSION = YES;
				CLANG_WARN_OBJC_IMPLICIT_RETAIN_SELF = YES;
				CLANG_WARN_OBJC_LITERAL_CONVERSION = YES;
				CLANG_WARN_OBJC_ROOT_CLASS = YES_ERROR;
				CLANG_WARN_RANGE_LOOP_ANALYSIS = YES;
				CLANG_WARN_STRICT_PROTOTYPES = YES;
				CLANG_WARN_SUSPICIOUS_MOVE = YES;
				CLANG_WARN_UNGUARDED_AVAILABILITY = YES_AGGRESSIVE;
				CLANG_WARN_UNREACHABLE_CODE = YES;
				CLANG_WARN__DUPLICATE_METHOD_MATCH = YES;
				CODE_SIGN_IDENTITY = "iPhone Developer";
				COPY_PHASE_STRIP = NO;
				DEBUG_INFORMATION_FORMAT = "dwarf-with-dsym";
				ENABLE_NS_ASSERTIONS = NO;
				ENABLE_STRICT_OBJC_MSGSEND = YES;
				GCC_C_LANGUAGE_STANDARD = gnu11;
				GCC_NO_COMMON_BLOCKS = YES;
				GCC_WARN_64_TO_32_BIT_CONVERSION = YES;
				GCC_WARN_ABOUT_RETURN_TYPE = YES_ERROR;
				GCC_WARN_UNDECLARED_SELECTOR = YES;
				GCC_WARN_UNINITIALIZED_AUTOS = YES_AGGRESSIVE;
				GCC_WARN_UNUSED_FUNCTION = YES;
				GCC_WARN_UNUSED_VARIABLE = YES;
				IPHONEOS_DEPLOYMENT_TARGET = 12.4;
				MTL_ENABLE_DEBUG_INFO = NO;
				MTL_FAST_MATH = YES;
				SDKROOT = iphoneos;
				SWIFT_COMPILATION_MODE = wholemodule;
				SWIFT_OPTIMIZATION_LEVEL = "-O";
				VALIDATE_PRODUCT = YES;
			};
			name = Release;
		};
		4512DC4D24612920000B8DF7 /* Debug */ = {
			isa = XCBuildConfiguration;
			buildSettings = {
				ASSETCATALOG_COMPILER_APPICON_NAME = AppIcon;
				CODE_SIGN_STYLE = Automatic;
				INFOPLIST_FILE = "Decoding & Encoding/Info.plist";
				LD_RUNPATH_SEARCH_PATHS = (
					"$(inherited)",
					"@executable_path/Frameworks",
				);
				PRODUCT_BUNDLE_IDENTIFIER = "com.Decoding---Encoding";
				PRODUCT_NAME = "$(TARGET_NAME)";
				SWIFT_VERSION = 5.0;
				TARGETED_DEVICE_FAMILY = "1,2";
			};
			name = Debug;
		};
		4512DC4E24612920000B8DF7 /* Release */ = {
			isa = XCBuildConfiguration;
			buildSettings = {
				ASSETCATALOG_COMPILER_APPICON_NAME = AppIcon;
				CODE_SIGN_STYLE = Automatic;
				INFOPLIST_FILE = "Decoding & Encoding/Info.plist";
				LD_RUNPATH_SEARCH_PATHS = (
					"$(inherited)",
					"@executable_path/Frameworks",
				);
				PRODUCT_BUNDLE_IDENTIFIER = "com.Decoding---Encoding";
				PRODUCT_NAME = "$(TARGET_NAME)";
				SWIFT_VERSION = 5.0;
				TARGETED_DEVICE_FAMILY = "1,2";
			};
			name = Release;
		};
/* End XCBuildConfiguration section */

/* Begin XCConfigurationList section */
		4512DC352461291E000B8DF7 /* Build configuration list for PBXProject "Decoding & Encoding" */ = {
			isa = XCConfigurationList;
			buildConfigurations = (
				4512DC4A24612920000B8DF7 /* Debug */,
				4512DC4B24612920000B8DF7 /* Release */,
			);
			defaultConfigurationIsVisible = 0;
			defaultConfigurationName = Release;
		};
		4512DC4C24612920000B8DF7 /* Build configuration list for PBXNativeTarget "Decoding & Encoding" */ = {
			isa = XCConfigurationList;
			buildConfigurations = (
				4512DC4D24612920000B8DF7 /* Debug */,
				4512DC4E24612920000B8DF7 /* Release */,
			);
			defaultConfigurationIsVisible = 0;
			defaultConfigurationName = Release;
		};
/* End XCConfigurationList section */
	};
	rootObject = 4512DC322461291E000B8DF7 /* Project object */;
}
